
Microsoft Visual Studio Solution File, Format Version 12.00
# Visual Studio 15
VisualStudioVersion = 15.0.28010.2003
MinimumVisualStudioVersion = 10.0.40219.1
Project("{9A19103F-16F7-4668-BE54-9A1E7A4F7556}") = "InvoiceWebApp", "InvoiceWebApp.csproj", "{77F54C31-86DD-4F3B-9156-CE0F8AFF29A8}"
EndProject
Global
	GlobalSection(SolutionConfigurationPlatforms) = preSolution
		Debug|Any CPU = Debug|Any CPU
		Release|Any CPU = Release|Any CPU
	EndGlobalSection
	GlobalSection(ProjectConfigurationPlatforms) = postSolution
		{77F54C31-86DD-4F3B-9156-CE0F8AFF29A8}.Debug|Any CPU.ActiveCfg = Debug|Any CPU
		{77F54C31-86DD-4F3B-9156-CE0F8AFF29A8}.Debug|Any CPU.Build.0 = Debug|Any CPU
		{77F54C31-86DD-4F3B-9156-CE0F8AFF29A8}.Release|Any CPU.ActiveCfg = Release|Any CPU
		{77F54C31-86DD-4F3B-9156-CE0F8AFF29A8}.Release|Any CPU.Build.0 = Release|Any CPU
	EndGlobalSection
	GlobalSection(SolutionProperties) = preSolution
		HideSolutionNode = FALSE
	EndGlobalSection
	GlobalSection(ExtensibilityGlobals) = postSolution
		SolutionGuid = {E01053FD-C96A-4F56-A26F-393A52F75FFB}
	EndGlobalSection
EndGlobal
