
Microsoft Visual Studio Solution File, Format Version 12.00
# Visual Studio 15
VisualStudioVersion = 15.0.28010.2003
MinimumVisualStudioVersion = 10.0.40219.1
Project("{9A19103F-16F7-4668-BE54-9A1E7A4F7556}") = "InvoiceWebApp", "InvoiceWebApp.csproj", "{0BBADEB1-EF09-4C48-A0FD-5283B8279EC1}"
EndProject
Global
	GlobalSection(SolutionConfigurationPlatforms) = preSolution
		Debug|Any CPU = Debug|Any CPU
		Release|Any CPU = Release|Any CPU
	EndGlobalSection
	GlobalSection(ProjectConfigurationPlatforms) = postSolution
		{0BBADEB1-EF09-4C48-A0FD-5283B8279EC1}.Debug|Any CPU.ActiveCfg = Debug|Any CPU
		{0BBADEB1-EF09-4C48-A0FD-5283B8279EC1}.Debug|Any CPU.Build.0 = Debug|Any CPU
		{0BBADEB1-EF09-4C48-A0FD-5283B8279EC1}.Release|Any CPU.ActiveCfg = Release|Any CPU
		{0BBADEB1-EF09-4C48-A0FD-5283B8279EC1}.Release|Any CPU.Build.0 = Release|Any CPU
	EndGlobalSection
	GlobalSection(SolutionProperties) = preSolution
		HideSolutionNode = FALSE
	EndGlobalSection
	GlobalSection(ExtensibilityGlobals) = postSolution
		SolutionGuid = {0A1EC0D4-2240-4E43-AD7E-94375C3E7843}
	EndGlobalSection
EndGlobal
